
Microsoft Visual Studio Solution File, Format Version 12.00
# Visual Studio Version 16
VisualStudioVersion = 16.0.30114.105
MinimumVisualStudioVersion = 10.0.40219.1
Project("{FAE04EC0-301F-11D3-BF4B-00C04F79EFBC}") = "FinalTest", "FinalTest\FinalTest.csproj", "{F444F51F-0466-488D-886E-772461B39DCC}"
EndProject
Global
	GlobalSection(SolutionConfigurationPlatforms) = preSolution
		Debug|Any CPU = Debug|Any CPU
		Release|Any CPU = Release|Any CPU
	EndGlobalSection
	GlobalSection(ProjectConfigurationPlatforms) = postSolution
		{F444F51F-0466-488D-886E-772461B39DCC}.Debug|Any CPU.ActiveCfg = Debug|Any CPU
		{F444F51F-0466-488D-886E-772461B39DCC}.Debug|Any CPU.Build.0 = Debug|Any CPU
		{F444F51F-0466-488D-886E-772461B39DCC}.Release|Any CPU.ActiveCfg = Release|Any CPU
		{F444F51F-0466-488D-886E-772461B39DCC}.Release|Any CPU.Build.0 = Release|Any CPU
	EndGlobalSection
	GlobalSection(SolutionProperties) = preSolution
		HideSolutionNode = FALSE
	EndGlobalSection
	GlobalSection(ExtensibilityGlobals) = postSolution
		SolutionGuid = {87167B05-F51D-4AE1-A806-76F52BAA10E9}
	EndGlobalSection
EndGlobal
